
Microsoft Visual Studio Solution File, Format Version 12.00
# Visual Studio Version 17
VisualStudioVersion = 17.12.35527.113 d17.12
MinimumVisualStudioVersion = 10.0.40219.1
Project("{888888A0-9F3D-457C-B088-3A5042F75D52}") = "SCN_TTFL_PhaseCoupledModel", "SCN_TTFL_PhaseCoupledModel\SCN_TTFL_PhaseCoupledModel.pyproj", "{A39E8895-D40D-40F6-9635-FBF7BBD1EAAC}"
EndProject
Global
	GlobalSection(SolutionConfigurationPlatforms) = preSolution
		Debug|Any CPU = Debug|Any CPU
		Release|Any CPU = Release|Any CPU
	EndGlobalSection
	GlobalSection(ProjectConfigurationPlatforms) = postSolution
		{A39E8895-D40D-40F6-9635-FBF7BBD1EAAC}.Debug|Any CPU.ActiveCfg = Debug|Any CPU
		{A39E8895-D40D-40F6-9635-FBF7BBD1EAAC}.Release|Any CPU.ActiveCfg = Release|Any CPU
	EndGlobalSection
	GlobalSection(SolutionProperties) = preSolution
		HideSolutionNode = FALSE
	EndGlobalSection
EndGlobal
